lockfileVersion: 5.4

specifiers:
  abortcontroller-polyfill: 1.7.5
  esbuild: '0.17'
  rome: 11.0.0
  web-streams-polyfill: 3.2.1

dependencies:
  abortcontroller-polyfill: 1.7.5
  esbuild: 0.17.0
  rome: 11.0.0
  web-streams-polyfill: 3.2.1

packages:

  /@esbuild/android-arm/0.17.0:
    resolution: {integrity: sha512-hlbX5ym1V5kIKvnwFhm6rhar7MNqfJrZyYTNfk6+WS1uQfQmszFgXeyPH2beP3lSCumZyqX0zMBfOqftOpZ7GA==}
    engines: {node: '>=12'}
    cpu: [arm]
    os: [android]
    requiresBuild: true
    dev: false
    optional: true

  /@esbuild/android-arm64/0.17.0:
    resolution: {integrity: sha512-77GVyD7ToESy/7+9eI8z62GGBdS/hsqsrpM+JA4kascky86wHbN29EEFpkVvxajPL7k6mbLJ5VBQABdj7n9FhQ==}
    engines: {node: '>=12'}
    cpu: [arm64]
    os: [android]
    requiresBuild: true
    dev: false
    optional: true

  /@esbuild/android-x64/0.17.0:
    resolution: {integrity: sha512-TroxZdZhtAz0JyD0yahtjcbKuIXrBEAoAazaYSeR2e2tUtp9uXrcbpwFJF6oxxOiOOne6y7l4hx4YVnMW/tdFw==}
    engines: {node: '>=12'}
    cpu: [x64]
    os: [android]
    requiresBuild: true
    dev: false
    optional: true

  /@esbuild/darwin-arm64/0.17.0:
    resolution: {integrity: sha512-wP/v4cgdWt1m8TS/WmbaBc3NZON10eCbm6XepdVc3zJuqruHCzCKcC9dTSTEk50zX04REcRcbIbdhTMciQoFIg==}
    engines: {node: '>=12'}
    cpu: [arm64]
    os: [darwin]
    requiresBuild: true
    dev: false
    optional: true

  /@esbuild/darwin-x64/0.17.0:
    resolution: {integrity: sha512-R4WB6D6V9KGO/3LVTT8UlwRJO26IBFatOdo/bRXksfJR0vyOi2/lgmAAMBSpgcnnwvts9QsWiyM++mTTlwRseA==}
    engines: {node: '>=12'}
    cpu: [x64]
    os: [darwin]
    requiresBuild: true
    dev: false
    optional: true

  /@esbuild/freebsd-arm64/0.17.0:
    resolution: {integrity: sha512-FO7+UEZv79gen2df8StFYFHZPI9ADozpFepLZCxY+O8sYLDa1rirvenmLwJiOHmeQRJ5orYedFeLk1PFlZ6t8Q==}
    engines: {node: '>=12'}
    cpu: [arm64]
    os: [freebsd]
    requiresBuild: true
    dev: false
    optional: true

  /@esbuild/freebsd-x64/0.17.0:
    resolution: {integrity: sha512-qCsNRsVTaC3ekwZcb2sa7l1gwCtJK3EqCWyDgpoQocYf3lRpbAzaCvqZSF2+NOO64cV+JbedXPsFiXU1aaVcIg==}
    engines: {node: '>=12'}
    cpu: [x64]
    os: [freebsd]
    requiresBuild: true
    dev: false
    optional: true

  /@esbuild/linux-arm/0.17.0:
    resolution: {integrity: sha512-Y2G2NU6155gcfNKvrakVmZV5xUAEhXjsN/uKtbKKRnvee0mHUuaT3OdQJDJKjHVGr6B0898pc3slRpI1PqspoQ==}
    engines: {node: '>=12'}
    cpu: [arm]
    os: [linux]
    requiresBuild: true
    dev: false
    optional: true

  /@esbuild/linux-arm64/0.17.0:
    resolution: {integrity: sha512-js4Vlch5XJQYISbDVJd2hsI/MsfVUz6d/FrclCE73WkQmniH37vFpuQI42ntWAeBghDIfaPZ6f9GilhwGzVFUg==}
    engines: {node: '>=12'}
    cpu: [arm64]
    os: [linux]
    requiresBuild: true
    dev: false
    optional: true

  /@esbuild/linux-ia32/0.17.0:
    resolution: {integrity: sha512-7tl/jSPkF59R3zeFDB2/09zLGhcM7DM+tCoOqjJbQjuL6qbMWomGT2RglCqRFpCSdzBx0hukmPPgUAMlmdj0sQ==}
    engines: {node: '>=12'}
    cpu: [ia32]
    os: [linux]
    requiresBuild: true
    dev: false
    optional: true

  /@esbuild/linux-loong64/0.17.0:
    resolution: {integrity: sha512-OG356F7dIVVF+EXJx5UfzFr1I5l6ES53GlMNSr3U1MhlaVyrP9um5PnrSJ+7TSDAzUC7YGjxb2GQWqHLd5XFoA==}
    engines: {node: '>=12'}
    cpu: [loong64]
    os: [linux]
    requiresBuild: true
    dev: false
    optional: true

  /@esbuild/linux-mips64el/0.17.0:
    resolution: {integrity: sha512-LWQJgGpxrjh2x08UYf6G5R+Km7zhkpCvKXtFQ6SX0fimDvy1C8kslgFHGxLS0wjGV8C4BNnENW/HNy57+RB7iA==}
    engines: {node: '>=12'}
    cpu: [mips64el]
    os: [linux]
    requiresBuild: true
    dev: false
    optional: true

  /@esbuild/linux-ppc64/0.17.0:
    resolution: {integrity: sha512-f40N8fKiTQslUcUuhof2/syOQ+DC9Mqdnm9d063pew+Ptv9r6dBNLQCz4300MOfCLAbb0SdnrcMSzHbMehXWLw==}
    engines: {node: '>=12'}
    cpu: [ppc64]
    os: [linux]
    requiresBuild: true
    dev: false
    optional: true

  /@esbuild/linux-riscv64/0.17.0:
    resolution: {integrity: sha512-sc/pvLexRvxgEbmeq7LfLGnzUBFi/E2MGbnQj3CG8tnQ90tWPTi+9CbZEgIADhj6CAlCCmqxpUclIV1CRVUOTw==}
    engines: {node: '>=12'}
    cpu: [riscv64]
    os: [linux]
    requiresBuild: true
    dev: false
    optional: true

  /@esbuild/linux-s390x/0.17.0:
    resolution: {integrity: sha512-7xq9/kY0vunCL2vjHKdHGI+660pCdeEC6K6TWBVvbTGXvT8s/qacfxMgr8PCeQRbNUZLOA13G6/G1+c0lYXO1A==}
    engines: {node: '>=12'}
    cpu: [s390x]
    os: [linux]
    requiresBuild: true
    dev: false
    optional: true

  /@esbuild/linux-x64/0.17.0:
    resolution: {integrity: sha512-o7FhBLONk1mLT2ytlj/j/WuJcPdhWcVpysSJn1s9+zRdLwLKveipbPi5SIasJIqMq0T4CkQW76pxJYMqz9HrQA==}
    engines: {node: '>=12'}
    cpu: [x64]
    os: [linux]
    requiresBuild: true
    dev: false
    optional: true

  /@esbuild/netbsd-x64/0.17.0:
    resolution: {integrity: sha512-V6xXsv71b8vwFCW/ky82Rs//SbyA+ORty6A7Mzkg33/4NbYZ/1Vcbk7qAN5oi0i/gS4Q0+7dYT7NqaiVZ7+Xjw==}
    engines: {node: '>=12'}
    cpu: [x64]
    os: [netbsd]
    requiresBuild: true
    dev: false
    optional: true

  /@esbuild/openbsd-x64/0.17.0:
    resolution: {integrity: sha512-StlQor6A0Y9SSDxraytr46Qbz25zsSDmsG3MCaNkBnABKHP3QsngOCfdBikqHVVrXeK0KOTmtX92/ncTGULYgQ==}
    engines: {node: '>=12'}
    cpu: [x64]
    os: [openbsd]
    requiresBuild: true
    dev: false
    optional: true

  /@esbuild/sunos-x64/0.17.0:
    resolution: {integrity: sha512-K64Wqw57j8KrwjR3QjsuzN/qDGK6Cno6QYtIlWAmGab5iYPBZCWz7HFtF2a86/130LmUsdXqOID7J0SmjjRFIQ==}
    engines: {node: '>=12'}
    cpu: [x64]
    os: [sunos]
    requiresBuild: true
    dev: false
    optional: true

  /@esbuild/win32-arm64/0.17.0:
    resolution: {integrity: sha512-hly6iSWAf0hf3aHD18/qW7iFQbg9KAQ0RFGG9plcxkhL4uGw43O+lETGcSO/PylNleFowP/UztpF6U4oCYgpPw==}
    engines: {node: '>=12'}
    cpu: [arm64]
    os: [win32]
    requiresBuild: true
    dev: false
    optional: true

  /@esbuild/win32-ia32/0.17.0:
    resolution: {integrity: sha512-aL4EWPh0nyC5uYRfn+CHkTgawd4DjtmwquthNDmGf6Ht6+mUc+bQXyZNH1QIw8x20hSqFc4Tf36aLLWP/TPR3g==}
    engines: {node: '>=12'}
    cpu: [ia32]
    os: [win32]
    requiresBuild: true
    dev: false
    optional: true

  /@esbuild/win32-x64/0.17.0:
    resolution: {integrity: sha512-W6IIQ9Rt43I/GqfXeBFLk0TvowKBoirs9sw2LPfhHax6ayMlW5PhFzSJ76I1ac9Pk/aRcSMrHWvVyZs8ZPK2wA==}
    engines: {node: '>=12'}
    cpu: [x64]
    os: [win32]
    requiresBuild: true
    dev: false
    optional: true

  /@rometools/cli-darwin-arm64/11.0.0:
    resolution: {integrity: sha512-F3vkdY+s3FLIEnAjSbyHTuIPB88cLpccimW4ecid5I7S6GzGG3iUJI4xT00JhH73K4P/qW20/9r+kH1T9Du8Xg==}
    cpu: [arm64]
    os: [darwin]
    requiresBuild: true
    dev: false
    optional: true

  /@rometools/cli-darwin-x64/11.0.0:
    resolution: {integrity: sha512-X6jhtS6Iml4GOzgNtnLwIp/KXXhSdqeVyfv69m/AHnIzx3gQAjPZ7BPnJLvTCbhe4SKHL+uTZYFSCJpkUUKE6w==}
    cpu: [x64]
    os: [darwin]
    requiresBuild: true
    dev: false
    optional: true

  /@rometools/cli-linux-arm64/11.0.0:
    resolution: {integrity: sha512-dktTJJlTpmycBZ2TwhJBcAO8ztK8DdevdyZnFFxdYRvtmJgTjIsC2UFayf/SbKew8B8q1IhI0it+D6ihAeIpeg==}
    cpu: [arm64]
    os: [linux]
    requiresBuild: true
    dev: false
    optional: true

  /@rometools/cli-linux-x64/11.0.0:
    resolution: {integrity: sha512-WVcnXPNdWGUWo0p4NU8YzuthjYR7q+b4vRcjdxtP1DlpphZmSsoC/RSE85nEqRAz8hChcKUansVzOPM8BSsuGA==}
    cpu: [x64]
    os: [linux]
    requiresBuild: true
    dev: false
    optional: true

  /@rometools/cli-win32-arm64/11.0.0:
    resolution: {integrity: sha512-tPj6RThQzS7Q45jqQll7NlTYvNcsg/BEP3LYiiazqSh9FAFnMkrV6ewUcMPKWyAfiyLs7jlz4rRvdNRUSygzfQ==}
    cpu: [arm64]
    os: [win32]
    requiresBuild: true
    dev: false
    optional: true

  /@rometools/cli-win32-x64/11.0.0:
    resolution: {integrity: sha512-bmBai8WHxYjsGk1+je7ZTfCUCWq30WJI3pQM8pzTA674lfGTZ9ymJoZwTaIMSO4rL5V9mlO6uLunsBKso9VqOg==}
    cpu: [x64]
    os: [win32]
    requiresBuild: true
    dev: false
    optional: true

  /abortcontroller-polyfill/1.7.5:
    resolution: {integrity: sha512-JMJ5soJWP18htbbxJjG7bG6yuI6pRhgJ0scHHTfkUjf6wjP912xZWvM+A4sJK3gqd9E8fcPbDnOefbA9Th/FIQ==}
    dev: false

  /esbuild/0.17.0:
    resolution: {integrity: sha512-4yGk3rD95iS/wGzrx0Ji5czZcx1j2wvfF1iAJaX2FIYLB6sU6wYkDeplpZHzfwQw2yXGXsAoxmO6LnMQkl04Kg==}
    engines: {node: '>=12'}
    hasBin: true
    requiresBuild: true
    optionalDependencies:
      '@esbuild/android-arm': 0.17.0
      '@esbuild/android-arm64': 0.17.0
      '@esbuild/android-x64': 0.17.0
      '@esbuild/darwin-arm64': 0.17.0
      '@esbuild/darwin-x64': 0.17.0
      '@esbuild/freebsd-arm64': 0.17.0
      '@esbuild/freebsd-x64': 0.17.0
      '@esbuild/linux-arm': 0.17.0
      '@esbuild/linux-arm64': 0.17.0
      '@esbuild/linux-ia32': 0.17.0
      '@esbuild/linux-loong64': 0.17.0
      '@esbuild/linux-mips64el': 0.17.0
      '@esbuild/linux-ppc64': 0.17.0
      '@esbuild/linux-riscv64': 0.17.0
      '@esbuild/linux-s390x': 0.17.0
      '@esbuild/linux-x64': 0.17.0
      '@esbuild/netbsd-x64': 0.17.0
      '@esbuild/openbsd-x64': 0.17.0
      '@esbuild/sunos-x64': 0.17.0
      '@esbuild/win32-arm64': 0.17.0
      '@esbuild/win32-ia32': 0.17.0
      '@esbuild/win32-x64': 0.17.0
    dev: false

  /rome/11.0.0:
    resolution: {integrity: sha512-rRo6JOwpMLc3OkeTDRXkrmrDqnxDvZ75GS4f0jLDBNmRgDXWbu0F8eVnJoRn+VbK2AE7vWvhVOMBjnWowcopkQ==}
    engines: {node: '>=14.*'}
    hasBin: true
    requiresBuild: true
    optionalDependencies:
      '@rometools/cli-darwin-arm64': 11.0.0
      '@rometools/cli-darwin-x64': 11.0.0
      '@rometools/cli-linux-arm64': 11.0.0
      '@rometools/cli-linux-x64': 11.0.0
      '@rometools/cli-win32-arm64': 11.0.0
      '@rometools/cli-win32-x64': 11.0.0
    dev: false

  /web-streams-polyfill/3.2.1:
    resolution: {integrity: sha512-e0MO3wdXWKrLbL0DgGnUV7WHVuw9OUvL4hjgnPkIeEvESk74gAITi5G606JtZPp39cd8HA9VQzCIvA49LpPN5Q==}
    engines: {node: '>= 8'}
    dev: false
